// !$*UTF8*$!
{
	archiveVersion = 1;
	classes = {
	};
	objectVersion = 77;
	objects = {

/* Begin PBXBuildFile section */
		13AB45E65CF342DAA1C28458 /* ExcelEngineApp.swift in Sources */ = {isa = PBXBuildFile; fileRef = 3B28029B91FBE4A5933F6888 /* ExcelEngineApp.swift */; };
		43584A76D8DEA5009CCD7777 /* ContentView.swift in Sources */ = {isa = PBXBuildFile; fileRef = 93FCB7891AEE7CC5D688E7AE /* ContentView.swift */; };
		7E879039CFCC1E99DB6A502B /* FilePickerButton.swift in Sources */ = {isa = PBXBuildFile; fileRef = 0E78A2147B2BB7EC552E9E1C /* FilePickerButton.swift */; };
		9F00B9325B7275A20D666EC2 /* EngineService.swift in Sources */ = {isa = PBXBuildFile; fileRef = 83E6A30CBB99F5340E05C25D /* EngineService.swift */; };
		A88B7CC101C4AD023C1D75D7 /* Assets.xcassets in Resources */ = {isa = PBXBuildFile; fileRef = 1ED73F80999E37C8C46C466D /* Assets.xcassets */; };
		B50ABAA4C6512BBE690C2DE8 /* Models.swift in Sources */ = {isa = PBXBuildFile; fileRef = 25244455B43AC96805C3848E /* Models.swift */; };
		CA1636B2465C52CA53DCFC9E /* SettingsView.swift in Sources */ = {isa = PBXBuildFile; fileRef = 03F1846DFC9FCCA964B88875 /* SettingsView.swift */; };
/* End PBXBuildFile section */

/* Begin PBXFileReference section */
		03F1846DFC9FCCA964B88875 /* SettingsView.swift */ = {isa = PBXFileReference; lastKnownFileType = sourcecode.swift; path = SettingsView.swift; sourceTree = "<group>"; };
		0E78A2147B2BB7EC552E9E1C /* FilePickerButton.swift */ = {isa = PBXFileReference; lastKnownFileType = sourcecode.swift; path = FilePickerButton.swift; sourceTree = "<group>"; };
		1ED73F80999E37C8C46C466D /* Assets.xcassets */ = {isa = PBXFileReference; lastKnownFileType = folder.assetcatalog; path = Assets.xcassets; sourceTree = "<group>"; };
		25244455B43AC96805C3848E /* Models.swift */ = {isa = PBXFileReference; lastKnownFileType = sourcecode.swift; path = Models.swift; sourceTree = "<group>"; };
		3B28029B91FBE4A5933F6888 /* ExcelEngineApp.swift */ = {isa = PBXFileReference; lastKnownFileType = sourcecode.swift; path = ExcelEngineApp.swift; sourceTree = "<group>"; };
		6DBE8E138D5B8B142DBE0FEE /* ExcelEngine.app */ = {isa = PBXFileReference; includeInIndex = 0; lastKnownFileType = wrapper.application; path = ExcelEngine.app; sourceTree = BUILT_PRODUCTS_DIR; };
		83E6A30CBB99F5340E05C25D /* EngineService.swift */ = {isa = PBXFileReference; lastKnownFileType = sourcecode.swift; path = EngineService.swift; sourceTree = "<group>"; };
		93FCB7891AEE7CC5D688E7AE /* ContentView.swift */ = {isa = PBXFileReference; lastKnownFileType = sourcecode.swift; path = ContentView.swift; sourceTree = "<group>"; };
/* End PBXFileReference section */

/* Begin PBXGroup section */
		03E809874311676B3465129B /* Network */ = {
			isa = PBXGroup;
			children = (
				83E6A30CBB99F5340E05C25D /* EngineService.swift */,
			);
			path = Network;
			sourceTree = "<group>";
		};
		4713E642F1B7F7DBB0D1EF22 /* Views */ = {
			isa = PBXGroup;
			children = (
				93FCB7891AEE7CC5D688E7AE /* ContentView.swift */,
				0E78A2147B2BB7EC552E9E1C /* FilePickerButton.swift */,
				03F1846DFC9FCCA964B88875 /* SettingsView.swift */,
			);
			path = Views;
			sourceTree = "<group>";
		};
		5DD5F97DDC3A727270962CA7 /* Sources */ = {
			isa = PBXGroup;
			children = (
				75F2A88FD493B56A5D83FBA5 /* App */,
				F7326FDFB9F26BB34FB8FF08 /* Models */,
				03E809874311676B3465129B /* Network */,
				4713E642F1B7F7DBB0D1EF22 /* Views */,
				1ED73F80999E37C8C46C466D /* Assets.xcassets */,
			);
			name = Sources;
			path = ExcelEngine/Sources;
			sourceTree = "<group>";
		};
		61AA471F2107C6927450E3FD = {
			isa = PBXGroup;
			children = (
				5DD5F97DDC3A727270962CA7 /* Sources */,
				F051677DE11AFB35B1F07A1B /* Products */,
			);
			sourceTree = "<group>";
		};
		75F2A88FD493B56A5D83FBA5 /* App */ = {
			isa = PBXGroup;
			children = (
				3B28029B91FBE4A5933F6888 /* ExcelEngineApp.swift */,
			);
			path = App;
			sourceTree = "<group>";
		};
		F051677DE11AFB35B1F07A1B /* Products */ = {
			isa = PBXGroup;
			children = (
				6DBE8E138D5B8B142DBE0FEE /* ExcelEngine.app */,
			);
			name = Products;
			sourceTree = "<group>";
		};
		F7326FDFB9F26BB34FB8FF08 /* Models */ = {
			isa = PBXGroup;
			children = (
				25244455B43AC96805C3848E /* Models.swift */,
			);
			path = Models;
			sourceTree = "<group>";
		};
/* End PBXGroup section */

/* Begin PBXNativeTarget section */
		71F8F6EC88D4B4A56529F349 /* ExcelEngine */ = {
			isa = PBXNativeTarget;
			buildConfigurationList = 176931C1D7CA36C4024A7A7E /* Build configuration list for PBXNativeTarget "ExcelEngine" */;
			buildPhases = (
				2939E93CEF19FB01C9E97DEC /* Sources */,
				AD719E4106B1ED662C933F01 /* Resources */,
			);
			buildRules = (
			);
			dependencies = (
			);
			name = ExcelEngine;
			packageProductDependencies = (
			);
			productName = ExcelEngine;
			productReference = 6DBE8E138D5B8B142DBE0FEE /* ExcelEngine.app */;
			productType = "com.apple.product-type.application";
		};
/* End PBXNativeTarget section */

/* Begin PBXProject section */
		251D002CC2ABFAEAA29F5960 /* Project object */ = {
			isa = PBXProject;
			attributes = {
				BuildIndependentTargetsInParallel = YES;
				LastUpgradeCheck = 1600;
				TargetAttributes = {
					71F8F6EC88D4B4A56529F349 = {
						DevelopmentTeam = 25QSUNYFC9;
						ProvisioningStyle = Automatic;
					};
				};
			};
			buildConfigurationList = 4918111B0DC0A2036BECAF68 /* Build configuration list for PBXProject "ExcelEngine" */;
			developmentRegion = en;
			hasScannedForEncodings = 0;
			knownRegions = (
				Base,
				en,
			);
			mainGroup = 61AA471F2107C6927450E3FD;
			minimizedProjectReferenceProxies = 1;
			preferredProjectObjectVersion = 77;
			productRefGroup = F051677DE11AFB35B1F07A1B /* Products */;
			projectDirPath = "";
			projectRoot = "";
			targets = (
				71F8F6EC88D4B4A56529F349 /* ExcelEngine */,
			);
		};
/* End PBXProject section */

/* Begin PBXResourcesBuildPhase section */
		AD719E4106B1ED662C933F01 /* Resources */ = {
			isa = PBXResourcesBuildPhase;
			buildActionMask = 2147483647;
			files = (
				A88B7CC101C4AD023C1D75D7 /* Assets.xcassets in Resources */,
			);
			runOnlyForDeploymentPostprocessing = 0;
		};
/* End PBXResourcesBuildPhase section */

/* Begin PBXSourcesBuildPhase section */
		2939E93CEF19FB01C9E97DEC /* Sources */ = {
			isa = PBXSourcesBuildPhase;
			buildActionMask = 2147483647;
			files = (
				43584A76D8DEA5009CCD7777 /* ContentView.swift in Sources */,
				9F00B9325B7275A20D666EC2 /* EngineService.swift in Sources */,
				13AB45E65CF342DAA1C28458 /* ExcelEngineApp.swift in Sources */,
				7E879039CFCC1E99DB6A502B /* FilePickerButton.swift in Sources */,
				B50ABAA4C6512BBE690C2DE8 /* Models.swift in Sources */,
				CA1636B2465C52CA53DCFC9E /* SettingsView.swift in Sources */,
			);
			runOnlyForDeploymentPostprocessing = 0;
		};
/* End PBXSourcesBuildPhase section */

/* Begin XCBuildConfiguration section */
		8ECB2A72079B953D2AE91298 /* Debug */ = {
			isa = XCBuildConfiguration;
			buildSettings = {
				ASSETCATALOG_COMPILER_APPICON_NAME = AppIcon;
				ASSETCATALOG_COMPILER_GLOBAL_ACCENT_COLOR_NAME = AccentColor;
				CODE_SIGN_IDENTITY = "iPhone Developer";
				CODE_SIGN_STYLE = Automatic;
				GENERATE_INFOPLIST_FILE = YES;
				INFOPLIST_GENERATION_MODE = GeneratedFile;
				INFOPLIST_KEY_CFBundleDisplayName = "Excel Engine";
				INFOPLIST_KEY_LSApplicationCategoryType = "public.app-category.productivity";
				INFOPLIST_KEY_NSDocumentsFolderUsageDescription = "Excel Engine needs access to your files to process Excel workbooks.";
				INFOPLIST_KEY_UIApplicationSceneManifest_Generation = YES;
				INFOPLIST_KEY_UIApplicationSupportsIndirectInputEvents = YES;
				INFOPLIST_KEY_UILaunchScreen_Generation = YES;
				INFOPLIST_KEY_UISupportedInterfaceOrientations_iPad = "UIInterfaceOrientationPortrait UIInterfaceOrientationPortraitUpsideDown UIInterfaceOrientationLandscapeLeft UIInterfaceOrientationLandscapeRight";
				INFOPLIST_KEY_UISupportedInterfaceOrientations_iPhone = "UIInterfaceOrientationPortrait UIInterfaceOrientationLandscapeLeft UIInterfaceOrientationLandscapeRight";
				LD_RUNPATH_SEARCH_PATHS = (
					"$(inherited)",
					"@executable_path/Frameworks",
				);
				PRODUCT_BUNDLE_IDENTIFIER = "com.michaelmanthe.excel-engine";
				PRODUCT_NAME = "Excel Engine";
				SDKROOT = iphoneos;
				TARGETED_DEVICE_FAMILY = "1,2";
			};
			name = Debug;
		};
		94B057004AF108030ABA8F1B /* Release */ = {
			isa = XCBuildConfiguration;
			buildSettings = {
				ASSETCATALOG_COMPILER_APPICON_NAME = AppIcon;
				ASSETCATALOG_COMPILER_GLOBAL_ACCENT_COLOR_NAME = AccentColor;
				CODE_SIGN_IDENTITY = "iPhone Developer";
				CODE_SIGN_STYLE = Automatic;
				GENERATE_INFOPLIST_FILE = YES;
				INFOPLIST_GENERATION_MODE = GeneratedFile;
				INFOPLIST_KEY_CFBundleDisplayName = "Excel Engine";
				INFOPLIST_KEY_LSApplicationCategoryType = "public.app-category.productivity";
				INFOPLIST_KEY_NSDocumentsFolderUsageDescription = "Excel Engine needs access to your files to process Excel workbooks.";
				INFOPLIST_KEY_UIApplicationSceneManifest_Generation = YES;
				INFOPLIST_KEY_UIApplicationSupportsIndirectInputEvents = YES;
				INFOPLIST_KEY_UILaunchScreen_Generation = YES;
				INFOPLIST_KEY_UISupportedInterfaceOrientations_iPad = "UIInterfaceOrientationPortrait UIInterfaceOrientationPortraitUpsideDown UIInterfaceOrientationLandscapeLeft UIInterfaceOrientationLandscapeRight";
				INFOPLIST_KEY_UISupportedInterfaceOrientations_iPhone = "UIInterfaceOrientationPortrait UIInterfaceOrientationLandscapeLeft UIInterfaceOrientationLandscapeRight";
				LD_RUNPATH_SEARCH_PATHS = (
					"$(inherited)",
					"@executable_path/Frameworks",
				);
				PRODUCT_BUNDLE_IDENTIFIER = "com.michaelmanthe.excel-engine";
				PRODUCT_NAME = "Excel Engine";
				SDKROOT = iphoneos;
				TARGETED_DEVICE_FAMILY = "1,2";
			};
			name = Release;
		};
		ACA569947D49DC19F464A78C /* Release */ = {
			isa = XCBuildConfiguration;
			buildSettings = {
				ALWAYS_SEARCH_USER_PATHS = NO;
				CLANG_ANALYZER_NONNULL = YES;
				CLANG_ANALYZER_NUMBER_OBJECT_CONVERSION = YES_AGGRESSIVE;
				CLANG_CXX_LANGUAGE_STANDARD = "gnu++14";
				CLANG_CXX_LIBRARY = "libc++";
				CLANG_ENABLE_MODULES = YES;
				CLANG_ENABLE_OBJC_ARC = YES;
				CLANG_ENABLE_OBJC_WEAK = YES;
				CLANG_WARN_BLOCK_CAPTURE_AUTORELEASING = YES;
				CLANG_WARN_BOOL_CONVERSION = YES;
				CLANG_WARN_COMMA = YES;
				CLANG_WARN_CONSTANT_CONVERSION = YES;
				CLANG_WARN_DEPRECATED_OBJC_IMPLEMENTATIONS = YES;
				CLANG_WARN_DIRECT_OBJC_ISA_USAGE = YES_ERROR;
				CLANG_WARN_DOCUMENTATION_COMMENTS = YES;
				CLANG_WARN_EMPTY_BODY = YES;
				CLANG_WARN_ENUM_CONVERSION = YES;
				CLANG_WARN_INFINITE_RECURSION = YES;
				CLANG_WARN_INT_CONVERSION = YES;
				CLANG_WARN_NON_LITERAL_NULL_CONVERSION = YES;
				CLANG_WARN_OBJC_IMPLICIT_RETAIN_SELF = YES;
				CLANG_WARN_OBJC_LITERAL_CONVERSION = YES;
				CLANG_WARN_OBJC_ROOT_CLASS = YES_ERROR;
				CLANG_WARN_QUOTED_INCLUDE_IN_FRAMEWORK_HEADER = YES;
				CLANG_WARN_RANGE_LOOP_ANALYSIS = YES;
				CLANG_WARN_STRICT_PROTOTYPES = YES;
				CLANG_WARN_SUSPICIOUS_MOVE = YES;
				CLANG_WARN_UNGUARDED_AVAILABILITY = YES_AGGRESSIVE;
				CLANG_WARN_UNREACHABLE_CODE = YES;
				CLANG_WARN__DUPLICATE_METHOD_MATCH = YES;
				COPY_PHASE_STRIP = NO;
				CURRENT_PROJECT_VERSION = 1;
				DEBUG_INFORMATION_FORMAT = "dwarf-with-dsym";
				DEVELOPMENT_TEAM = 25QSUNYFC9;
				ENABLE_NS_ASSERTIONS = NO;
				ENABLE_STRICT_OBJC_MSGSEND = YES;
				GCC_C_LANGUAGE_STANDARD = gnu11;
				GCC_NO_COMMON_BLOCKS = YES;
				GCC_WARN_64_TO_32_BIT_CONVERSION = YES;
				GCC_WARN_ABOUT_RETURN_TYPE = YES_ERROR;
				GCC_WARN_UNDECLARED_SELECTOR = YES;
				GCC_WARN_UNINITIALIZED_AUTOS = YES_AGGRESSIVE;
				GCC_WARN_UNUSED_FUNCTION = YES;
				GCC_WARN_UNUSED_VARIABLE = YES;
				IPHONEOS_DEPLOYMENT_TARGET = 16.0;
				MARKETING_VERSION = 1.2.0;
				MTL_ENABLE_DEBUG_INFO = NO;
				MTL_FAST_MATH = YES;
				PRODUCT_NAME = "$(TARGET_NAME)";
				SDKROOT = iphoneos;
				SWIFT_COMPILATION_MODE = wholemodule;
				SWIFT_OPTIMIZATION_LEVEL = "-O";
				SWIFT_VERSION = 5.9;
			};
			name = Release;
		};
		C2F21B1C9CC1D49D33DC8282 /* Debug */ = {
			isa = XCBuildConfiguration;
			buildSettings = {
				ALWAYS_SEARCH_USER_PATHS = NO;
				CLANG_ANALYZER_NONNULL = YES;
				CLANG_ANALYZER_NUMBER_OBJECT_CONVERSION = YES_AGGRESSIVE;
				CLANG_CXX_LANGUAGE_STANDARD = "gnu++14";
				CLANG_CXX_LIBRARY = "libc++";
				CLANG_ENABLE_MODULES = YES;
				CLANG_ENABLE_OBJC_ARC = YES;
				CLANG_ENABLE_OBJC_WEAK = YES;
				CLANG_WARN_BLOCK_CAPTURE_AUTORELEASING = YES;
				CLANG_WARN_BOOL_CONVERSION = YES;
				CLANG_WARN_COMMA = YES;
				CLANG_WARN_CONSTANT_CONVERSION = YES;
				CLANG_WARN_DEPRECATED_OBJC_IMPLEMENTATIONS = YES;
				CLANG_WARN_DIRECT_OBJC_ISA_USAGE = YES_ERROR;
				CLANG_WARN_DOCUMENTATION_COMMENTS = YES;
				CLANG_WARN_EMPTY_BODY = YES;
				CLANG_WARN_ENUM_CONVERSION = YES;
				CLANG_WARN_INFINITE_RECURSION = YES;
				CLANG_WARN_INT_CONVERSION = YES;
				CLANG_WARN_NON_LITERAL_NULL_CONVERSION = YES;
				CLANG_WARN_OBJC_IMPLICIT_RETAIN_SELF = YES;
				CLANG_WARN_OBJC_LITERAL_CONVERSION = YES;
				CLANG_WARN_OBJC_ROOT_CLASS = YES_ERROR;
				CLANG_WARN_QUOTED_INCLUDE_IN_FRAMEWORK_HEADER = YES;
				CLANG_WARN_RANGE_LOOP_ANALYSIS = YES;
				CLANG_WARN_STRICT_PROTOTYPES = YES;
				CLANG_WARN_SUSPICIOUS_MOVE = YES;
				CLANG_WARN_UNGUARDED_AVAILABILITY = YES_AGGRESSIVE;
				CLANG_WARN_UNREACHABLE_CODE = YES;
				CLANG_WARN__DUPLICATE_METHOD_MATCH = YES;
				COPY_PHASE_STRIP = NO;
				CURRENT_PROJECT_VERSION = 1;
				DEBUG_INFORMATION_FORMAT = dwarf;
				DEVELOPMENT_TEAM = 25QSUNYFC9;
				ENABLE_STRICT_OBJC_MSGSEND = YES;
				ENABLE_TESTABILITY = YES;
				GCC_C_LANGUAGE_STANDARD = gnu11;
				GCC_DYNAMIC_NO_PIC = NO;
				GCC_NO_COMMON_BLOCKS = YES;
				GCC_OPTIMIZATION_LEVEL = 0;
				GCC_PREPROCESSOR_DEFINITIONS = (
					"$(inherited)",
					"DEBUG=1",
				);
				GCC_WARN_64_TO_32_BIT_CONVERSION = YES;
				GCC_WARN_ABOUT_RETURN_TYPE = YES_ERROR;
				GCC_WARN_UNDECLARED_SELECTOR = YES;
				GCC_WARN_UNINITIALIZED_AUTOS = YES_AGGRESSIVE;
				GCC_WARN_UNUSED_FUNCTION = YES;
				GCC_WARN_UNUSED_VARIABLE = YES;
				IPHONEOS_DEPLOYMENT_TARGET = 16.0;
				MARKETING_VERSION = 1.2.0;
				MTL_ENABLE_DEBUG_INFO = INCLUDE_SOURCE;
				MTL_FAST_MATH = YES;
				ONLY_ACTIVE_ARCH = YES;
				PRODUCT_NAME = "$(TARGET_NAME)";
				SDKROOT = iphoneos;
				SWIFT_ACTIVE_COMPILATION_CONDITIONS = DEBUG;
				SWIFT_OPTIMIZATION_LEVEL = "-Onone";
				SWIFT_VERSION = 5.9;
			};
			name = Debug;
		};
/* End XCBuildConfiguration section */

/* Begin XCConfigurationList section */
		176931C1D7CA36C4024A7A7E /* Build configuration list for PBXNativeTarget "ExcelEngine" */ = {
			isa = XCConfigurationList;
			buildConfigurations = (
				8ECB2A72079B953D2AE91298 /* Debug */,
				94B057004AF108030ABA8F1B /* Release */,
			);
			defaultConfigurationIsVisible = 0;
			defaultConfigurationName = Debug;
		};
		4918111B0DC0A2036BECAF68 /* Build configuration list for PBXProject "ExcelEngine" */ = {
			isa = XCConfigurationList;
			buildConfigurations = (
				C2F21B1C9CC1D49D33DC8282 /* Debug */,
				ACA569947D49DC19F464A78C /* Release */,
			);
			defaultConfigurationIsVisible = 0;
			defaultConfigurationName = Debug;
		};
/* End XCConfigurationList section */
	};
	rootObject = 251D002CC2ABFAEAA29F5960 /* Project object */;
}
